// !$*UTF8*$!
{
	archiveVersion = 1;
	classes = {
	};
	objectVersion = 50;
	objects = {

/* Begin PBXBuildFile section */
		C349E37626C9E5D8004E69DD /* PhoneNumberTextFieldApp.swift in Sources */ = {isa = PBXBuildFile; fileRef = C349E37526C9E5D8004E69DD /* PhoneNumberTextFieldApp.swift */; };
		C349E37826C9E5D8004E69DD /* ContentView.swift in Sources */ = {isa = PBXBuildFile; fileRef = C349E37726C9E5D8004E69DD /* ContentView.swift */; };
		C349E37A26C9E5DA004E69DD /* Assets.xcassets in Resources */ = {isa = PBXBuildFile; fileRef = C349E37926C9E5DA004E69DD /* Assets.xcassets */; };
		C349E37D26C9E5DA004E69DD /* Preview Assets.xcassets in Resources */ = {isa = PBXBuildFile; fileRef = C349E37C26C9E5DA004E69DD /* Preview Assets.xcassets */; };
		C349E38526C9E607004E69DD /* PhoneNumberFormatter.swift in Sources */ = {isa = PBXBuildFile; fileRef = C349E38426C9E607004E69DD /* PhoneNumberFormatter.swift */; };
/* End PBXBuildFile section */

/* Begin PBXFileReference section */
		C349E37226C9E5D8004E69DD /* PhoneNumberTextField.app */ = {isa = PBXFileReference; explicitFileType = wrapper.application; includeInIndex = 0; path = PhoneNumberTextField.app; sourceTree = BUILT_PRODUCTS_DIR; };
		C349E37526C9E5D8004E69DD /* PhoneNumberTextFieldApp.swift */ = {isa = PBXFileReference; lastKnownFileType = sourcecode.swift; path = PhoneNumberTextFieldApp.swift; sourceTree = "<group>"; };
		C349E37726C9E5D8004E69DD /* ContentView.swift */ = {isa = PBXFileReference; lastKnownFileType = sourcecode.swift; path = ContentView.swift; sourceTree = "<group>"; };
		C349E37926C9E5DA004E69DD /* Assets.xcassets */ = {isa = PBXFileReference; lastKnownFileType = folder.assetcatalog; path = Assets.xcassets; sourceTree = "<group>"; };
		C349E37C26C9E5DA004E69DD /* Preview Assets.xcassets */ = {isa = PBXFileReference; lastKnownFileType = folder.assetcatalog; path = "Preview Assets.xcassets"; sourceTree = "<group>"; };
		C349E37E26C9E5DA004E69DD /* Info.plist */ = {isa = PBXFileReference; lastKnownFileType = text.plist.xml; path = Info.plist; sourceTree = "<group>"; };
		C349E38426C9E607004E69DD /* PhoneNumberFormatter.swift */ = {isa = PBXFileReference; lastKnownFileType = sourcecode.swift; path = PhoneNumberFormatter.swift; sourceTree = "<group>"; };
/* End PBXFileReference section */

/* Begin PBXFrameworksBuildPhase section */
		C349E36F26C9E5D8004E69DD /* Frameworks */ = {
			isa = PBXFrameworksBuildPhase;
			buildActionMask = 2147483647;
			files = (
			);
			runOnlyForDeploymentPostprocessing = 0;
		};
/* End PBXFrameworksBuildPhase section */

/* Begin PBXGroup section */
		C349E36926C9E5D7004E69DD = {
			isa = PBXGroup;
			children = (
				C349E37426C9E5D8004E69DD /* PhoneNumberTextField */,
				C349E37326C9E5D8004E69DD /* Products */,
			);
			sourceTree = "<group>";
		};
		C349E37326C9E5D8004E69DD /* Products */ = {
			isa = PBXGroup;
			children = (
				C349E37226C9E5D8004E69DD /* PhoneNumberTextField.app */,
			);
			name = Products;
			sourceTree = "<group>";
		};
		C349E37426C9E5D8004E69DD /* PhoneNumberTextField */ = {
			isa = PBXGroup;
			children = (
				C349E37526C9E5D8004E69DD /* PhoneNumberTextFieldApp.swift */,
				C349E37726C9E5D8004E69DD /* ContentView.swift */,
				C349E37926C9E5DA004E69DD /* Assets.xcassets */,
				C349E37E26C9E5DA004E69DD /* Info.plist */,
				C349E37B26C9E5DA004E69DD /* Preview Content */,
				C349E38426C9E607004E69DD /* PhoneNumberFormatter.swift */,
			);
			path = PhoneNumberTextField;
			sourceTree = "<group>";
		};
		C349E37B26C9E5DA004E69DD /* Preview Content */ = {
			isa = PBXGroup;
			children = (
				C349E37C26C9E5DA004E69DD /* Preview Assets.xcassets */,
			);
			path = "Preview Content";
			sourceTree = "<group>";
		};
/* End PBXGroup section */

/* Begin PBXNativeTarget section */
		C349E37126C9E5D8004E69DD /* PhoneNumberTextField */ = {
			isa = PBXNativeTarget;
			buildConfigurationList = C349E38126C9E5DA004E69DD /* Build configuration list for PBXNativeTarget "PhoneNumberTextField" */;
			buildPhases = (
				C349E36E26C9E5D8004E69DD /* Sources */,
				C349E36F26C9E5D8004E69DD /* Frameworks */,
				C349E37026C9E5D8004E69DD /* Resources */,
			);
			buildRules = (
			);
			dependencies = (
			);
			name = PhoneNumberTextField;
			productName = PhoneNumberTextField;
			productReference = C349E37226C9E5D8004E69DD /* PhoneNumberTextField.app */;
			productType = "com.apple.product-type.application";
		};
/* End PBXNativeTarget section */

/* Begin PBXProject section */
		C349E36A26C9E5D7004E69DD /* Project object */ = {
			isa = PBXProject;
			attributes = {
				LastSwiftUpdateCheck = 1250;
				LastUpgradeCheck = 1250;
				TargetAttributes = {
					C349E37126C9E5D8004E69DD = {
						CreatedOnToolsVersion = 12.5.1;
					};
				};
			};
			buildConfigurationList = C349E36D26C9E5D7004E69DD /* Build configuration list for PBXProject "PhoneNumberTextField" */;
			compatibilityVersion = "Xcode 9.3";
			developmentRegion = en;
			hasScannedForEncodings = 0;
			knownRegions = (
				en,
				Base,
			);
			mainGroup = C349E36926C9E5D7004E69DD;
			productRefGroup = C349E37326C9E5D8004E69DD /* Products */;
			projectDirPath = "";
			projectRoot = "";
			targets = (
				C349E37126C9E5D8004E69DD /* PhoneNumberTextField */,
			);
		};
/* End PBXProject section */

/* Begin PBXResourcesBuildPhase section */
		C349E37026C9E5D8004E69DD /* Resources */ = {
			isa = PBXResourcesBuildPhase;
			buildActionMask = 2147483647;
			files = (
				C349E37D26C9E5DA004E69DD /* Preview Assets.xcassets in Resources */,
				C349E37A26C9E5DA004E69DD /* Assets.xcassets in Resources */,
			);
			runOnlyForDeploymentPostprocessing = 0;
		};
/* End PBXResourcesBuildPhase section */

/* Begin PBXSourcesBuildPhase section */
		C349E36E26C9E5D8004E69DD /* Sources */ = {
			isa = PBXSourcesBuildPhase;
			buildActionMask = 2147483647;
			files = (
				C349E37826C9E5D8004E69DD /* ContentView.swift in Sources */,
				C349E38526C9E607004E69DD /* PhoneNumberFormatter.swift in Sources */,
				C349E37626C9E5D8004E69DD /* PhoneNumberTextFieldApp.swift in Sources */,
			);
			runOnlyForDeploymentPostprocessing = 0;
		};
/* End PBXSourcesBuildPhase section */

/* Begin XCBuildConfiguration section */
		C349E37F26C9E5DA004E69DD /* Debug */ = {
			isa = XCBuildConfiguration;
			buildSettings = {
				ALWAYS_SEARCH_USER_PATHS = NO;
				CLANG_ANALYZER_NONNULL = YES;
				CLANG_ANALYZER_NUMBER_OBJECT_CONVERSION = YES_AGGRESSIVE;
				CLANG_CXX_LANGUAGE_STANDARD = "gnu++14";
				CLANG_CXX_LIBRARY = "libc++";
				CLANG_ENABLE_MODULES = YES;
				CLANG_ENABLE_OBJC_ARC = YES;
				CLANG_ENABLE_OBJC_WEAK = YES;
				CLANG_WARN_BLOCK_CAPTURE_AUTORELEASING = YES;
				CLANG_WARN_BOOL_CONVERSION = YES;
				CLANG_WARN_COMMA = YES;
				CLANG_WARN_CONSTANT_CONVERSION = YES;
				CLANG_WARN_DEPRECATED_OBJC_IMPLEMENTATIONS = YES;
				CLANG_WARN_DIRECT_OBJC_ISA_USAGE = YES_ERROR;
				CLANG_WARN_DOCUMENTATION_COMMENTS = YES;
				CLANG_WARN_EMPTY_BODY = YES;
				CLANG_WARN_ENUM_CONVERSION = YES;
				CLANG_WARN_INFINITE_RECURSION = YES;
				CLANG_WARN_INT_CONVERSION = YES;
				CLANG_WARN_NON_LITERAL_NULL_CONVERSION = YES;
				CLANG_WARN_OBJC_IMPLICIT_RETAIN_SELF = YES;
				CLANG_WARN_OBJC_LITERAL_CONVERSION = YES;
				CLANG_WARN_OBJC_ROOT_CLASS = YES_ERROR;
				CLANG_WARN_QUOTED_INCLUDE_IN_FRAMEWORK_HEADER = YES;
				CLANG_WARN_RANGE_LOOP_ANALYSIS = YES;
				CLANG_WARN_STRICT_PROTOTYPES = YES;
				CLANG_WARN_SUSPICIOUS_MOVE = YES;
				CLANG_WARN_UNGUARDED_AVAILABILITY = YES_AGGRESSIVE;
				CLANG_WARN_UNREACHABLE_CODE = YES;
				CLANG_WARN__DUPLICATE_METHOD_MATCH = YES;
				COPY_PHASE_STRIP = NO;
				DEBUG_INFORMATION_FORMAT = dwarf;
				ENABLE_STRICT_OBJC_MSGSEND = YES;
				ENABLE_TESTABILITY = YES;
				GCC_C_LANGUAGE_STANDARD = gnu11;
				GCC_DYNAMIC_NO_PIC = NO;
				GCC_NO_COMMON_BLOCKS = YES;
				GCC_OPTIMIZATION_LEVEL = 0;
				GCC_PREPROCESSOR_DEFINITIONS = (
					"DEBUG=1",
					"$(inherited)",
				);
				GCC_WARN_64_TO_32_BIT_CONVERSION = YES;
				GCC_WARN_ABOUT_RETURN_TYPE = YES_ERROR;
				GCC_WARN_UNDECLARED_SELECTOR = YES;
				GCC_WARN_UNINITIALIZED_AUTOS = YES_AGGRESSIVE;
				GCC_WARN_UNUSED_FUNCTION = YES;
				GCC_WARN_UNUSED_VARIABLE = YES;
				IPHONEOS_DEPLOYMENT_TARGET = 14.5;
				MTL_ENABLE_DEBUG_INFO = INCLUDE_SOURCE;
				MTL_FAST_MATH = YES;
				ONLY_ACTIVE_ARCH = YES;
				SDKROOT = iphoneos;
				SWIFT_ACTIVE_COMPILATION_CONDITIONS = DEBUG;
				SWIFT_OPTIMIZATION_LEVEL = "-Onone";
			};
			name = Debug;
		};
		C349E38026C9E5DA004E69DD /* Release */ = {
			isa = XCBuildConfiguration;
			buildSettings = {
				ALWAYS_SEARCH_USER_PATHS = NO;
				CLANG_ANALYZER_NONNULL = YES;
				CLANG_ANALYZER_NUMBER_OBJECT_CONVERSION = YES_AGGRESSIVE;
				CLANG_CXX_LANGUAGE_STANDARD = "gnu++14";
				CLANG_CXX_LIBRARY = "libc++";
				CLANG_ENABLE_MODULES = YES;
				CLANG_ENABLE_OBJC_ARC = YES;
				CLANG_ENABLE_OBJC_WEAK = YES;
				CLANG_WARN_BLOCK_CAPTURE_AUTORELEASING = YES;
				CLANG_WARN_BOOL_CONVERSION = YES;
				CLANG_WARN_COMMA = YES;
				CLANG_WARN_CONSTANT_CONVERSION = YES;
				CLANG_WARN_DEPRECATED_OBJC_IMPLEMENTATIONS = YES;
				CLANG_WARN_DIRECT_OBJC_ISA_USAGE = YES_ERROR;
				CLANG_WARN_DOCUMENTATION_COMMENTS = YES;
				CLANG_WARN_EMPTY_BODY = YES;
				CLANG_WARN_ENUM_CONVERSION = YES;
				CLANG_WARN_INFINITE_RECURSION = YES;
				CLANG_WARN_INT_CONVERSION = YES;
				CLANG_WARN_NON_LITERAL_NULL_CONVERSION = YES;
				CLANG_WARN_OBJC_IMPLICIT_RETAIN_SELF = YES;
				CLANG_WARN_OBJC_LITERAL_CONVERSION = YES;
				CLANG_WARN_OBJC_ROOT_CLASS = YES_ERROR;
				CLANG_WARN_QUOTED_INCLUDE_IN_FRAMEWORK_HEADER = YES;
				CLANG_WARN_RANGE_LOOP_ANALYSIS = YES;
				CLANG_WARN_STRICT_PROTOTYPES = YES;
				CLANG_WARN_SUSPICIOUS_MOVE = YES;
				CLANG_WARN_UNGUARDED_AVAILABILITY = YES_AGGRESSIVE;
				CLANG_WARN_UNREACHABLE_CODE = YES;
				CLANG_WARN__DUPLICATE_METHOD_MATCH = YES;
				COPY_PHASE_STRIP = NO;
				DEBUG_INFORMATION_FORMAT = "dwarf-with-dsym";
				ENABLE_NS_ASSERTIONS = NO;
				ENABLE_STRICT_OBJC_MSGSEND = YES;
				GCC_C_LANGUAGE_STANDARD = gnu11;
				GCC_NO_COMMON_BLOCKS = YES;
				GCC_WARN_64_TO_32_BIT_CONVERSION = YES;
				GCC_WARN_ABOUT_RETURN_TYPE = YES_ERROR;
				GCC_WARN_UNDECLARED_SELECTOR = YES;
				GCC_WARN_UNINITIALIZED_AUTOS = YES_AGGRESSIVE;
				GCC_WARN_UNUSED_FUNCTION = YES;
				GCC_WARN_UNUSED_VARIABLE = YES;
				IPHONEOS_DEPLOYMENT_TARGET = 14.5;
				MTL_ENABLE_DEBUG_INFO = NO;
				MTL_FAST_MATH = YES;
				SDKROOT = iphoneos;
				SWIFT_COMPILATION_MODE = wholemodule;
				SWIFT_OPTIMIZATION_LEVEL = "-O";
				VALIDATE_PRODUCT = YES;
			};
			name = Release;
		};
		C349E38226C9E5DA004E69DD /* Debug */ = {
			isa = XCBuildConfiguration;
			buildSettings = {
				ASSETCATALOG_COMPILER_APPICON_NAME = AppIcon;
				ASSETCATALOG_COMPILER_GLOBAL_ACCENT_COLOR_NAME = AccentColor;
				CODE_SIGN_STYLE = Automatic;
				DEVELOPMENT_ASSET_PATHS = "\"PhoneNumberTextField/Preview Content\"";
				DEVELOPMENT_TEAM = MQ7UZSA866;
				ENABLE_PREVIEWS = YES;
				INFOPLIST_FILE = PhoneNumberTextField/Info.plist;
				IPHONEOS_DEPLOYMENT_TARGET = 14.0;
				LD_RUNPATH_SEARCH_PATHS = (
					"$(inherited)",
					"@executable_path/Frameworks",
				);
				PRODUCT_BUNDLE_IDENTIFIER = com.tbd.PhoneNumberTextField;
				PRODUCT_NAME = "$(TARGET_NAME)";
				SWIFT_VERSION = 5.0;
				TARGETED_DEVICE_FAMILY = "1,2";
			};
			name = Debug;
		};
		C349E38326C9E5DA004E69DD /* Release */ = {
			isa = XCBuildConfiguration;
			buildSettings = {
				ASSETCATALOG_COMPILER_APPICON_NAME = AppIcon;
				ASSETCATALOG_COMPILER_GLOBAL_ACCENT_COLOR_NAME = AccentColor;
				CODE_SIGN_STYLE = Automatic;
				DEVELOPMENT_ASSET_PATHS = "\"PhoneNumberTextField/Preview Content\"";
				DEVELOPMENT_TEAM = MQ7UZSA866;
				ENABLE_PREVIEWS = YES;
				INFOPLIST_FILE = PhoneNumberTextField/Info.plist;
				IPHONEOS_DEPLOYMENT_TARGET = 14.0;
				LD_RUNPATH_SEARCH_PATHS = (
					"$(inherited)",
					"@executable_path/Frameworks",
				);
				PRODUCT_BUNDLE_IDENTIFIER = com.tbd.PhoneNumberTextField;
				PRODUCT_NAME = "$(TARGET_NAME)";
				SWIFT_VERSION = 5.0;
				TARGETED_DEVICE_FAMILY = "1,2";
			};
			name = Release;
		};
/* End XCBuildConfiguration section */

/* Begin XCConfigurationList section */
		C349E36D26C9E5D7004E69DD /* Build configuration list for PBXProject "PhoneNumberTextField" */ = {
			isa = XCConfigurationList;
			buildConfigurations = (
				C349E37F26C9E5DA004E69DD /* Debug */,
				C349E38026C9E5DA004E69DD /* Release */,
			);
			defaultConfigurationIsVisible = 0;
			defaultConfigurationName = Release;
		};
		C349E38126C9E5DA004E69DD /* Build configuration list for PBXNativeTarget "PhoneNumberTextField" */ = {
			isa = XCConfigurationList;
			buildConfigurations = (
				C349E38226C9E5DA004E69DD /* Debug */,
				C349E38326C9E5DA004E69DD /* Release */,
			);
			defaultConfigurationIsVisible = 0;
			defaultConfigurationName = Release;
		};
/* End XCConfigurationList section */
	};
	rootObject = C349E36A26C9E5D7004E69DD /* Project object */;
}
